PODS:
  - camera_plugin (0.0.1):
    - Flutter
    - onnxruntime-objc
    - TensorFlowLiteSwift
  - Flutter (1.0.0)
  - image_picker_ios (0.0.1):
    - Flutter
  - in_app_purchase_storekit (0.0.1):
    - Flutter
    - FlutterMacOS
  - isar_community_flutter_libs (1.0.0):
    - Flutter
  - onnxruntime-c (1.20.0)
  - onnxruntime-objc (1.20.0):
    - onnxruntime-objc/Core (= 1.20.0)
  - onnxruntime-objc/Core (1.20.0):
    - onnxruntime-c (= 1.20.0)
  - shared_preferences_foundation (0.0.1):
    - Flutter
    - FlutterMacOS
  - TensorFlowLiteC (2.17.0):
    - TensorFlowLiteC/Core (= 2.17.0)
  - TensorFlowLiteC/Core (2.17.0)
  - TensorFlowLiteSwift (2.17.0):
    - TensorFlowLiteSwift/Core (= 2.17.0)
  - TensorFlowLiteSwift/Core (2.17.0):
    - TensorFlowLiteC (= 2.17.0)
    - TensorFlowLiteSwift/Privacy (= 2.17.0)
  - TensorFlowLiteSwift/Privacy (2.17.0)
  - url_launcher_ios (0.0.1):
    - Flutter

DEPENDENCIES:
  - camera_plugin (from `.symlinks/plugins/camera_plugin/ios`)
  - Flutter (from `Flutter`)
  - image_picker_ios (from `.symlinks/plugins/image_picker_ios/ios`)
  - in_app_purchase_storekit (from `.symlinks/plugins/in_app_purchase_storekit/darwin`)
  - isar_community_flutter_libs (from `.symlinks/plugins/isar_community_flutter_libs/ios`)
  - onnxruntime-objc
  - shared_preferences_foundation (from `.symlinks/plugins/shared_preferences_foundation/darwin`)
  - TensorFlowLiteSwift
  - url_launcher_ios (from `.symlinks/plugins/url_launcher_ios/ios`)

SPEC REPOS:
  trunk:
    - onnxruntime-c
    - onnxruntime-objc
    - TensorFlowLiteC
    - TensorFlowLiteSwift

EXTERNAL SOURCES:
  camera_plugin:
    :path: ".symlinks/plugins/camera_plugin/ios"
  Flutter:
    :path: Flutter
  image_picker_ios:
    :path: ".symlinks/plugins/image_picker_ios/ios"
  in_app_purchase_storekit:
    :path: ".symlinks/plugins/in_app_purchase_storekit/darwin"
  isar_community_flutter_libs:
    :path: ".symlinks/plugins/isar_community_flutter_libs/ios"
  shared_preferences_foundation:
    :path: ".symlinks/plugins/shared_preferences_foundation/darwin"
  url_launcher_ios:
    :path: ".symlinks/plugins/url_launcher_ios/ios"

SPEC CHECKSUMS:
  camera_plugin: def9e992a4ee1113803f9523b4f42dcb92836121
  Flutter: cabc95a1d2626b1b06e7179b784ebcf0c0cde467
  image_picker_ios: e0ece4aa2a75771a7de3fa735d26d90817041326
  in_app_purchase_storekit: 22cca7d08eebca9babdf4d07d0baccb73325d3c8
  isar_community_flutter_libs: bede843185a61a05ff364a05c9b23209523f7e0d
  onnxruntime-c: 07cfff40dda7e1c54a4350bb2ad226c63150fce3
  onnxruntime-objc: b22c5d4517e9804e47c66f1f122ec4a6aa923f86
  shared_preferences_foundation: 7036424c3d8ec98dfe75ff1667cb0cd531ec82bb
  TensorFlowLiteC: eac6d689a8d391d1b202dc59e3d9165ba64aaf73
  TensorFlowLiteSwift: 723fe42222815e72490c79feeff05305530de393
  url_launcher_ios: 7a95fa5b60cc718a708b8f2966718e93db0cef1b

PODFILE CHECKSUM: 56628f3610c335cd5da173be6816873c036ce30f

COCOAPODS: 1.16.2
